// !$*UTF8*$!
{
	archiveVersion = 1;
	classes = {
	};
	objectVersion = 77;
	objects = {

/* Begin PBXBuildFile section */
		DC1500F32E1FC0DD00AA8D0E /* MediaPlayer.framework in Frameworks */ = {isa = PBXBuildFile; fileRef = DC1500F22E1FC0DD00AA8D0E /* MediaPlayer.framework */; };
		DC1500F52E1FC0E500AA8D0E /* CoreLocation.framework in Frameworks */ = {isa = PBXBuildFile; fileRef = DC1500F42E1FC0E500AA8D0E /* CoreLocation.framework */; };
		DC1500F72E1FC0F900AA8D0E /* SwiftUI.framework in Frameworks */ = {isa = PBXBuildFile; fileRef = DC1500F62E1FC0F900AA8D0E /* SwiftUI.framework */; };
/* End PBXBuildFile section */

/* Begin PBXContainerItemProxy section */
		DC1500D52E1FC02900AA8D0E /* PBXContainerItemProxy */ = {
			isa = PBXContainerItemProxy;
			containerPortal = DC1500BE2E1FC02700AA8D0E /* Project object */;
			proxyType = 1;
			remoteGlobalIDString = DC1500C52E1FC02700AA8D0E;
			remoteInfo = DockWidgets;
		};
		DC1500DF2E1FC02900AA8D0E /* PBXContainerItemProxy */ = {
			isa = PBXContainerItemProxy;
			containerPortal = DC1500BE2E1FC02700AA8D0E /* Project object */;
			proxyType = 1;
			remoteGlobalIDString = DC1500C52E1FC02700AA8D0E;
			remoteInfo = DockWidgets;
		};
/* End PBXContainerItemProxy section */

/* Begin PBXFileReference section */
		DC1500C62E1FC02700AA8D0E /* DockWidgets.app */ = {isa = PBXFileReference; explicitFileType = wrapper.application; includeInIndex = 0; path = DockWidgets.app; sourceTree = BUILT_PRODUCTS_DIR; };
		DC1500D42E1FC02900AA8D0E /* DockWidgetsTests.xctest */ = {isa = PBXFileReference; explicitFileType = wrapper.cfbundle; includeInIndex = 0; path = DockWidgetsTests.xctest; sourceTree = BUILT_PRODUCTS_DIR; };
		DC1500DE2E1FC02900AA8D0E /* DockWidgetsUITests.xctest */ = {isa = PBXFileReference; explicitFileType = wrapper.cfbundle; includeInIndex = 0; path = DockWidgetsUITests.xctest; sourceTree = BUILT_PRODUCTS_DIR; };
		DC1500F22E1FC0DD00AA8D0E /* MediaPlayer.framework */ = {isa = PBXFileReference; lastKnownFileType = wrapper.framework; name = MediaPlayer.framework; path = System/Library/Frameworks/MediaPlayer.framework; sourceTree = SDKROOT; };
		DC1500F42E1FC0E500AA8D0E /* CoreLocation.framework */ = {isa = PBXFileReference; lastKnownFileType = wrapper.framework; name = CoreLocation.framework; path = System/Library/Frameworks/CoreLocation.framework; sourceTree = SDKROOT; };
		DC1500F62E1FC0F900AA8D0E /* SwiftUI.framework */ = {isa = PBXFileReference; lastKnownFileType = wrapper.framework; name = SwiftUI.framework; path = System/Library/Frameworks/SwiftUI.framework; sourceTree = SDKROOT; };
/* End PBXFileReference section */

/* Begin PBXFileSystemSynchronizedRootGroup section */
		DC1500C82E1FC02700AA8D0E /* DockWidgets */ = {
			isa = PBXFileSystemSynchronizedRootGroup;
			path = DockWidgets;
			sourceTree = "<group>";
		};
		DC1500D72E1FC02900AA8D0E /* DockWidgetsTests */ = {
			isa = PBXFileSystemSynchronizedRootGroup;
			path = DockWidgetsTests;
			sourceTree = "<group>";
		};
		DC1500E12E1FC02900AA8D0E /* DockWidgetsUITests */ = {
			isa = PBXFileSystemSynchronizedRootGroup;
			path = DockWidgetsUITests;
			sourceTree = "<group>";
		};
/* End PBXFileSystemSynchronizedRootGroup section */

/* Begin PBXFrameworksBuildPhase section */
		DC1500C32E1FC02700AA8D0E /* Frameworks */ = {
			isa = PBXFrameworksBuildPhase;
			buildActionMask = 2147483647;
			files = (
				DC1500F52E1FC0E500AA8D0E /* CoreLocation.framework in Frameworks */,
				DC1500F72E1FC0F900AA8D0E /* SwiftUI.framework in Frameworks */,
				DC1500F32E1FC0DD00AA8D0E /* MediaPlayer.framework in Frameworks */,
			);
			runOnlyForDeploymentPostprocessing = 0;
		};
		DC1500D12E1FC02900AA8D0E /* Frameworks */ = {
			isa = PBXFrameworksBuildPhase;
			buildActionMask = 2147483647;
			files = (
			);
			runOnlyForDeploymentPostprocessing = 0;
		};
		DC1500DB2E1FC02900AA8D0E /* Frameworks */ = {
			isa = PBXFrameworksBuildPhase;
			buildActionMask = 2147483647;
			files = (
			);
			runOnlyForDeploymentPostprocessing = 0;
		};
/* End PBXFrameworksBuildPhase section */

/* Begin PBXGroup section */
		DC1500BD2E1FC02700AA8D0E = {
			isa = PBXGroup;
			children = (
				DC1500C82E1FC02700AA8D0E /* DockWidgets */,
				DC1500D72E1FC02900AA8D0E /* DockWidgetsTests */,
				DC1500E12E1FC02900AA8D0E /* DockWidgetsUITests */,
				DC1500F12E1FC0DD00AA8D0E /* Frameworks */,
				DC1500C72E1FC02700AA8D0E /* Products */,
			);
			sourceTree = "<group>";
		};
		DC1500C72E1FC02700AA8D0E /* Products */ = {
			isa = PBXGroup;
			children = (
				DC1500C62E1FC02700AA8D0E /* DockWidgets.app */,
				DC1500D42E1FC02900AA8D0E /* DockWidgetsTests.xctest */,
				DC1500DE2E1FC02900AA8D0E /* DockWidgetsUITests.xctest */,
			);
			name = Products;
			sourceTree = "<group>";
		};
		DC1500F12E1FC0DD00AA8D0E /* Frameworks */ = {
			isa = PBXGroup;
			children = (
				DC1500F62E1FC0F900AA8D0E /* SwiftUI.framework */,
				DC1500F42E1FC0E500AA8D0E /* CoreLocation.framework */,
				DC1500F22E1FC0DD00AA8D0E /* MediaPlayer.framework */,
			);
			name = Frameworks;
			sourceTree = "<group>";
		};
/* End PBXGroup section */

/* Begin PBXNativeTarget section */
		DC1500C52E1FC02700AA8D0E /* DockWidgets */ = {
			isa = PBXNativeTarget;
			buildConfigurationList = DC1500E82E1FC02900AA8D0E /* Build configuration list for PBXNativeTarget "DockWidgets" */;
			buildPhases = (
				DC1500C22E1FC02700AA8D0E /* Sources */,
				DC1500C32E1FC02700AA8D0E /* Frameworks */,
				DC1500C42E1FC02700AA8D0E /* Resources */,
			);
			buildRules = (
			);
			dependencies = (
			);
			fileSystemSynchronizedGroups = (
				DC1500C82E1FC02700AA8D0E /* DockWidgets */,
			);
			name = DockWidgets;
			packageProductDependencies = (
			);
			productName = DockWidgets;
			productReference = DC1500C62E1FC02700AA8D0E /* DockWidgets.app */;
			productType = "com.apple.product-type.application";
		};
		DC1500D32E1FC02900AA8D0E /* DockWidgetsTests */ = {
			isa = PBXNativeTarget;
			buildConfigurationList = DC1500EB2E1FC02900AA8D0E /* Build configuration list for PBXNativeTarget "DockWidgetsTests" */;
			buildPhases = (
				DC1500D02E1FC02900AA8D0E /* Sources */,
				DC1500D12E1FC02900AA8D0E /* Frameworks */,
				DC1500D22E1FC02900AA8D0E /* Resources */,
			);
			buildRules = (
			);
			dependencies = (
				DC1500D62E1FC02900AA8D0E /* PBXTargetDependency */,
			);
			fileSystemSynchronizedGroups = (
				DC1500D72E1FC02900AA8D0E /* DockWidgetsTests */,
			);
			name = DockWidgetsTests;
			packageProductDependencies = (
			);
			productName = DockWidgetsTests;
			productReference = DC1500D42E1FC02900AA8D0E /* DockWidgetsTests.xctest */;
			productType = "com.apple.product-type.bundle.unit-test";
		};
		DC1500DD2E1FC02900AA8D0E /* DockWidgetsUITests */ = {
			isa = PBXNativeTarget;
			buildConfigurationList = DC1500EE2E1FC02900AA8D0E /* Build configuration list for PBXNativeTarget "DockWidgetsUITests" */;
			buildPhases = (
				DC1500DA2E1FC02900AA8D0E /* Sources */,
				DC1500DB2E1FC02900AA8D0E /* Frameworks */,
				DC1500DC2E1FC02900AA8D0E /* Resources */,
			);
			buildRules = (
			);
			dependencies = (
				DC1500E02E1FC02900AA8D0E /* PBXTargetDependency */,
			);
			fileSystemSynchronizedGroups = (
				DC1500E12E1FC02900AA8D0E /* DockWidgetsUITests */,
			);
			name = DockWidgetsUITests;
			packageProductDependencies = (
			);
			productName = DockWidgetsUITests;
			productReference = DC1500DE2E1FC02900AA8D0E /* DockWidgetsUITests.xctest */;
			productType = "com.apple.product-type.bundle.ui-testing";
		};
/* End PBXNativeTarget section */

/* Begin PBXProject section */
		DC1500BE2E1FC02700AA8D0E /* Project object */ = {
			isa = PBXProject;
			attributes = {
				BuildIndependentTargetsInParallel = 1;
				LastSwiftUpdateCheck = 1640;
				LastUpgradeCheck = 1640;
				TargetAttributes = {
					DC1500C52E1FC02700AA8D0E = {
						CreatedOnToolsVersion = 16.4;
					};
					DC1500D32E1FC02900AA8D0E = {
						CreatedOnToolsVersion = 16.4;
						TestTargetID = DC1500C52E1FC02700AA8D0E;
					};
					DC1500DD2E1FC02900AA8D0E = {
						CreatedOnToolsVersion = 16.4;
						TestTargetID = DC1500C52E1FC02700AA8D0E;
					};
				};
			};
			buildConfigurationList = DC1500C12E1FC02700AA8D0E /* Build configuration list for PBXProject "DockWidgets" */;
			developmentRegion = en;
			hasScannedForEncodings = 0;
			knownRegions = (
				en,
				Base,
			);
			mainGroup = DC1500BD2E1FC02700AA8D0E;
			minimizedProjectReferenceProxies = 1;
			preferredProjectObjectVersion = 77;
			productRefGroup = DC1500C72E1FC02700AA8D0E /* Products */;
			projectDirPath = "";
			projectRoot = "";
			targets = (
				DC1500C52E1FC02700AA8D0E /* DockWidgets */,
				DC1500D32E1FC02900AA8D0E /* DockWidgetsTests */,
				DC1500DD2E1FC02900AA8D0E /* DockWidgetsUITests */,
			);
		};
/* End PBXProject section */

/* Begin PBXResourcesBuildPhase section */
		DC1500C42E1FC02700AA8D0E /* Resources */ = {
			isa = PBXResourcesBuildPhase;
			buildActionMask = 2147483647;
			files = (
			);
			runOnlyForDeploymentPostprocessing = 0;
		};
		DC1500D22E1FC02900AA8D0E /* Resources */ = {
			isa = PBXResourcesBuildPhase;
			buildActionMask = 2147483647;
			files = (
			);
			runOnlyForDeploymentPostprocessing = 0;
		};
		DC1500DC2E1FC02900AA8D0E /* Resources */ = {
			isa = PBXResourcesBuildPhase;
			buildActionMask = 2147483647;
			files = (
			);
			runOnlyForDeploymentPostprocessing = 0;
		};
/* End PBXResourcesBuildPhase section */

/* Begin PBXSourcesBuildPhase section */
		DC1500C22E1FC02700AA8D0E /* Sources */ = {
			isa = PBXSourcesBuildPhase;
			buildActionMask = 2147483647;
			files = (
			);
			runOnlyForDeploymentPostprocessing = 0;
		};
		DC1500D02E1FC02900AA8D0E /* Sources */ = {
			isa = PBXSourcesBuildPhase;
			buildActionMask = 2147483647;
			files = (
			);
			runOnlyForDeploymentPostprocessing = 0;
		};
		DC1500DA2E1FC02900AA8D0E /* Sources */ = {
			isa = PBXSourcesBuildPhase;
			buildActionMask = 2147483647;
			files = (
			);
			runOnlyForDeploymentPostprocessing = 0;
		};
/* End PBXSourcesBuildPhase section */

/* Begin PBXTargetDependency section */
		DC1500D62E1FC02900AA8D0E /* PBXTargetDependency */ = {
			isa = PBXTargetDependency;
			target = DC1500C52E1FC02700AA8D0E /* DockWidgets */;
			targetProxy = DC1500D52E1FC02900AA8D0E /* PBXContainerItemProxy */;
		};
		DC1500E02E1FC02900AA8D0E /* PBXTargetDependency */ = {
			isa = PBXTargetDependency;
			target = DC1500C52E1FC02700AA8D0E /* DockWidgets */;
			targetProxy = DC1500DF2E1FC02900AA8D0E /* PBXContainerItemProxy */;
		};
/* End PBXTargetDependency section */

/* Begin XCBuildConfiguration section */
		DC1500E62E1FC02900AA8D0E /* Debug */ = {
			isa = XCBuildConfiguration;
			buildSettings = {
				ALWAYS_SEARCH_USER_PATHS = NO;
				ASSETCATALOG_COMPILER_GENERATE_SWIFT_ASSET_SYMBOL_EXTENSIONS = YES;
				CLANG_ANALYZER_NONNULL = YES;
				CLANG_ANALYZER_NUMBER_OBJECT_CONVERSION = YES_AGGRESSIVE;
				CLANG_CXX_LANGUAGE_STANDARD = "gnu++20";
				CLANG_ENABLE_MODULES = YES;
				CLANG_ENABLE_OBJC_ARC = YES;
				CLANG_ENABLE_OBJC_WEAK = YES;
				CLANG_WARN_BLOCK_CAPTURE_AUTORELEASING = YES;
				CLANG_WARN_BOOL_CONVERSION = YES;
				CLANG_WARN_COMMA = YES;
				CLANG_WARN_CONSTANT_CONVERSION = YES;
				CLANG_WARN_DEPRECATED_OBJC_IMPLEMENTATIONS = YES;
				CLANG_WARN_DIRECT_OBJC_ISA_USAGE = YES_ERROR;
				CLANG_WARN_DOCUMENTATION_COMMENTS = YES;
				CLANG_WARN_EMPTY_BODY = YES;
				CLANG_WARN_ENUM_CONVERSION = YES;
				CLANG_WARN_INFINITE_RECURSION = YES;
				CLANG_WARN_INT_CONVERSION = YES;
				CLANG_WARN_NON_LITERAL_NULL_CONVERSION = YES;
				CLANG_WARN_OBJC_IMPLICIT_RETAIN_SELF = YES;
				CLANG_WARN_OBJC_LITERAL_CONVERSION = YES;
				CLANG_WARN_OBJC_ROOT_CLASS = YES_ERROR;
				CLANG_WARN_QUOTED_INCLUDE_IN_FRAMEWORK_HEADER = YES;
				CLANG_WARN_RANGE_LOOP_ANALYSIS = YES;
				CLANG_WARN_STRICT_PROTOTYPES = YES;
				CLANG_WARN_SUSPICIOUS_MOVE = YES;
				CLANG_WARN_UNGUARDED_AVAILABILITY = YES_AGGRESSIVE;
				CLANG_WARN_UNREACHABLE_CODE = YES;
				CLANG_WARN__DUPLICATE_METHOD_MATCH = YES;
				COPY_PHASE_STRIP = NO;
				DEBUG_INFORMATION_FORMAT = dwarf;
				ENABLE_STRICT_OBJC_MSGSEND = YES;
				ENABLE_TESTABILITY = YES;
				ENABLE_USER_SCRIPT_SANDBOXING = YES;
				GCC_C_LANGUAGE_STANDARD = gnu17;
				GCC_DYNAMIC_NO_PIC = NO;
				GCC_NO_COMMON_BLOCKS = YES;
				GCC_OPTIMIZATION_LEVEL = 0;
				GCC_PREPROCESSOR_DEFINITIONS = (
					"DEBUG=1",
					"$(inherited)",
				);
				GCC_WARN_64_TO_32_BIT_CONVERSION = YES;
				GCC_WARN_ABOUT_RETURN_TYPE = YES_ERROR;
				GCC_WARN_UNDECLARED_SELECTOR = YES;
				GCC_WARN_UNINITIALIZED_AUTOS = YES_AGGRESSIVE;
				GCC_WARN_UNUSED_FUNCTION = YES;
				GCC_WARN_UNUSED_VARIABLE = YES;
				LOCALIZATION_PREFERS_STRING_CATALOGS = YES;
				MACOSX_DEPLOYMENT_TARGET = 15.5;
				MTL_ENABLE_DEBUG_INFO = INCLUDE_SOURCE;
				MTL_FAST_MATH = YES;
				ONLY_ACTIVE_ARCH = YES;
				SDKROOT = macosx;
				SWIFT_ACTIVE_COMPILATION_CONDITIONS = "DEBUG $(inherited)";
				SWIFT_OPTIMIZATION_LEVEL = "-Onone";
			};
			name = Debug;
		};
		DC1500E72E1FC02900AA8D0E /* Release */ = {
			isa = XCBuildConfiguration;
			buildSettings = {
				ALWAYS_SEARCH_USER_PATHS = NO;
				ASSETCATALOG_COMPILER_GENERATE_SWIFT_ASSET_SYMBOL_EXTENSIONS = YES;
				CLANG_ANALYZER_NONNULL = YES;
				CLANG_ANALYZER_NUMBER_OBJECT_CONVERSION = YES_AGGRESSIVE;
				CLANG_CXX_LANGUAGE_STANDARD = "gnu++20";
				CLANG_ENABLE_MODULES = YES;
				CLANG_ENABLE_OBJC_ARC = YES;
				CLANG_ENABLE_OBJC_WEAK = YES;
				CLANG_WARN_BLOCK_CAPTURE_AUTORELEASING = YES;
				CLANG_WARN_BOOL_CONVERSION = YES;
				CLANG_WARN_COMMA = YES;
				CLANG_WARN_CONSTANT_CONVERSION = YES;
				CLANG_WARN_DEPRECATED_OBJC_IMPLEMENTATIONS = YES;
				CLANG_WARN_DIRECT_OBJC_ISA_USAGE = YES_ERROR;
				CLANG_WARN_DOCUMENTATION_COMMENTS = YES;
				CLANG_WARN_EMPTY_BODY = YES;
				CLANG_WARN_ENUM_CONVERSION = YES;
				CLANG_WARN_INFINITE_RECURSION = YES;
				CLANG_WARN_INT_CONVERSION = YES;
				CLANG_WARN_NON_LITERAL_NULL_CONVERSION = YES;
				CLANG_WARN_OBJC_IMPLICIT_RETAIN_SELF = YES;
				CLANG_WARN_OBJC_LITERAL_CONVERSION = YES;
				CLANG_WARN_OBJC_ROOT_CLASS = YES_ERROR;
				CLANG_WARN_QUOTED_INCLUDE_IN_FRAMEWORK_HEADER = YES;
				CLANG_WARN_RANGE_LOOP_ANALYSIS = YES;
				CLANG_WARN_STRICT_PROTOTYPES = YES;
				CLANG_WARN_SUSPICIOUS_MOVE = YES;
				CLANG_WARN_UNGUARDED_AVAILABILITY = YES_AGGRESSIVE;
				CLANG_WARN_UNREACHABLE_CODE = YES;
				CLANG_WARN__DUPLICATE_METHOD_MATCH = YES;
				COPY_PHASE_STRIP = NO;
				DEBUG_INFORMATION_FORMAT = "dwarf-with-dsym";
				ENABLE_NS_ASSERTIONS = NO;
				ENABLE_STRICT_OBJC_MSGSEND = YES;
				ENABLE_USER_SCRIPT_SANDBOXING = YES;
				GCC_C_LANGUAGE_STANDARD = gnu17;
				GCC_NO_COMMON_BLOCKS = YES;
				GCC_WARN_64_TO_32_BIT_CONVERSION = YES;
				GCC_WARN_ABOUT_RETURN_TYPE = YES_ERROR;
				GCC_WARN_UNDECLARED_SELECTOR = YES;
				GCC_WARN_UNINITIALIZED_AUTOS = YES_AGGRESSIVE;
				GCC_WARN_UNUSED_FUNCTION = YES;
				GCC_WARN_UNUSED_VARIABLE = YES;
				LOCALIZATION_PREFERS_STRING_CATALOGS = YES;
				MACOSX_DEPLOYMENT_TARGET = 15.5;
				MTL_ENABLE_DEBUG_INFO = NO;
				MTL_FAST_MATH = YES;
				SDKROOT = macosx;
				SWIFT_COMPILATION_MODE = wholemodule;
			};
			name = Release;
		};
		DC1500E92E1FC02900AA8D0E /* Debug */ = {
			isa = XCBuildConfiguration;
			buildSettings = {
				ASSETCATALOG_COMPILER_APPICON_NAME = AppIcon;
				ASSETCATALOG_COMPILER_GLOBAL_ACCENT_COLOR_NAME = AccentColor;
				CODE_SIGN_ENTITLEMENTS = DockWidgets/DockWidgets.entitlements;
				CODE_SIGN_STYLE = Automatic;
				COMBINE_HIDPI_IMAGES = YES;
				CURRENT_PROJECT_VERSION = 1;
				ENABLE_PREVIEWS = YES;
				GENERATE_INFOPLIST_FILE = YES;
				INFOPLIST_KEY_NSHumanReadableCopyright = "";
				LD_RUNPATH_SEARCH_PATHS = (
					"$(inherited)",
					"@executable_path/../Frameworks",
				);
				MARKETING_VERSION = 1.0;
				PRODUCT_BUNDLE_IDENTIFIER = com.AnishM.DockWidgets.DockWidgets;
				PRODUCT_NAME = "$(TARGET_NAME)";
				REGISTER_APP_GROUPS = YES;
				SWIFT_EMIT_LOC_STRINGS = YES;
				SWIFT_VERSION = 5.0;
			};
			name = Debug;
		};
		DC1500EA2E1FC02900AA8D0E /* Release */ = {
			isa = XCBuildConfiguration;
			buildSettings = {
				ASSETCATALOG_COMPILER_APPICON_NAME = AppIcon;
				ASSETCATALOG_COMPILER_GLOBAL_ACCENT_COLOR_NAME = AccentColor;
				CODE_SIGN_ENTITLEMENTS = DockWidgets/DockWidgets.entitlements;
				CODE_SIGN_STYLE = Automatic;
				COMBINE_HIDPI_IMAGES = YES;
				CURRENT_PROJECT_VERSION = 1;
				ENABLE_PREVIEWS = YES;
				GENERATE_INFOPLIST_FILE = YES;
				INFOPLIST_KEY_NSHumanReadableCopyright = "";
				LD_RUNPATH_SEARCH_PATHS = (
					"$(inherited)",
					"@executable_path/../Frameworks",
				);
				MARKETING_VERSION = 1.0;
				PRODUCT_BUNDLE_IDENTIFIER = com.AnishM.DockWidgets.DockWidgets;
				PRODUCT_NAME = "$(TARGET_NAME)";
				REGISTER_APP_GROUPS = YES;
				SWIFT_EMIT_LOC_STRINGS = YES;
				SWIFT_VERSION = 5.0;
			};
			name = Release;
		};
		DC1500EC2E1FC02900AA8D0E /* Debug */ = {
			isa = XCBuildConfiguration;
			buildSettings = {
				BUNDLE_LOADER = "$(TEST_HOST)";
				CODE_SIGN_STYLE = Automatic;
				CURRENT_PROJECT_VERSION = 1;
				GENERATE_INFOPLIST_FILE = YES;
				MACOSX_DEPLOYMENT_TARGET = 15.5;
				MARKETING_VERSION = 1.0;
				PRODUCT_BUNDLE_IDENTIFIER = com.AnishM.DockWidgets.DockWidgetsTests;
				PRODUCT_NAME = "$(TARGET_NAME)";
				SWIFT_EMIT_LOC_STRINGS = NO;
				SWIFT_VERSION = 5.0;
				TEST_HOST = "$(BUILT_PRODUCTS_DIR)/DockWidgets.app/$(BUNDLE_EXECUTABLE_FOLDER_PATH)/DockWidgets";
			};
			name = Debug;
		};
		DC1500ED2E1FC02900AA8D0E /* Release */ = {
			isa = XCBuildConfiguration;
			buildSettings = {
				BUNDLE_LOADER = "$(TEST_HOST)";
				CODE_SIGN_STYLE = Automatic;
				CURRENT_PROJECT_VERSION = 1;
				GENERATE_INFOPLIST_FILE = YES;
				MACOSX_DEPLOYMENT_TARGET = 15.5;
				MARKETING_VERSION = 1.0;
				PRODUCT_BUNDLE_IDENTIFIER = com.AnishM.DockWidgets.DockWidgetsTests;
				PRODUCT_NAME = "$(TARGET_NAME)";
				SWIFT_EMIT_LOC_STRINGS = NO;
				SWIFT_VERSION = 5.0;
				TEST_HOST = "$(BUILT_PRODUCTS_DIR)/DockWidgets.app/$(BUNDLE_EXECUTABLE_FOLDER_PATH)/DockWidgets";
			};
			name = Release;
		};
		DC1500EF2E1FC02900AA8D0E /* Debug */ = {
			isa = XCBuildConfiguration;
			buildSettings = {
				CODE_SIGN_STYLE = Automatic;
				CURRENT_PROJECT_VERSION = 1;
				GENERATE_INFOPLIST_FILE = YES;
				MARKETING_VERSION = 1.0;
				PRODUCT_BUNDLE_IDENTIFIER = com.AnishM.DockWidgets.DockWidgetsUITests;
				PRODUCT_NAME = "$(TARGET_NAME)";
				SWIFT_EMIT_LOC_STRINGS = NO;
				SWIFT_VERSION = 5.0;
				TEST_TARGET_NAME = DockWidgets;
			};
			name = Debug;
		};
		DC1500F02E1FC02900AA8D0E /* Release */ = {
			isa = XCBuildConfiguration;
			buildSettings = {
				CODE_SIGN_STYLE = Automatic;
				CURRENT_PROJECT_VERSION = 1;
				GENERATE_INFOPLIST_FILE = YES;
				MARKETING_VERSION = 1.0;
				PRODUCT_BUNDLE_IDENTIFIER = com.AnishM.DockWidgets.DockWidgetsUITests;
				PRODUCT_NAME = "$(TARGET_NAME)";
				SWIFT_EMIT_LOC_STRINGS = NO;
				SWIFT_VERSION = 5.0;
				TEST_TARGET_NAME = DockWidgets;
			};
			name = Release;
		};
/* End XCBuildConfiguration section */

/* Begin XCConfigurationList section */
		DC1500C12E1FC02700AA8D0E /* Build configuration list for PBXProject "DockWidgets" */ = {
			isa = XCConfigurationList;
			buildConfigurations = (
				DC1500E62E1FC02900AA8D0E /* Debug */,
				DC1500E72E1FC02900AA8D0E /* Release */,
			);
			defaultConfigurationIsVisible = 0;
			defaultConfigurationName = Release;
		};
		DC1500E82E1FC02900AA8D0E /* Build configuration list for PBXNativeTarget "DockWidgets" */ = {
			isa = XCConfigurationList;
			buildConfigurations = (
				DC1500E92E1FC02900AA8D0E /* Debug */,
				DC1500EA2E1FC02900AA8D0E /* Release */,
			);
			defaultConfigurationIsVisible = 0;
			defaultConfigurationName = Release;
		};
		DC1500EB2E1FC02900AA8D0E /* Build configuration list for PBXNativeTarget "DockWidgetsTests" */ = {
			isa = XCConfigurationList;
			buildConfigurations = (
				DC1500EC2E1FC02900AA8D0E /* Debug */,
				DC1500ED2E1FC02900AA8D0E /* Release */,
			);
			defaultConfigurationIsVisible = 0;
			defaultConfigurationName = Release;
		};
		DC1500EE2E1FC02900AA8D0E /* Build configuration list for PBXNativeTarget "DockWidgetsUITests" */ = {
			isa = XCConfigurationList;
			buildConfigurations = (
				DC1500EF2E1FC02900AA8D0E /* Debug */,
				DC1500F02E1FC02900AA8D0E /* Release */,
			);
			defaultConfigurationIsVisible = 0;
			defaultConfigurationName = Release;
		};
/* End XCConfigurationList section */
	};
	rootObject = DC1500BE2E1FC02700AA8D0E /* Project object */;
}
